
Microsoft Visual Studio Solution File, Format Version 12.00
# Visual Studio Version 17
VisualStudioVersion = 17.4.32912.340
MinimumVisualStudioVersion = 10.0.40219.1
Project("{FAE04EC0-301F-11D3-BF4B-00C04F79EFBC}") = "PowerHelper", "PowerHelper\PowerHelper.csproj", "{645D666E-3837-48F9-967B-F35858859D7C}"
EndProject
Global
	GlobalSection(SolutionConfigurationPlatforms) = preSolution
		Debug|Any CPU = Debug|Any CPU
		Release|Any CPU = Release|Any CPU
	EndGlobalSection
	GlobalSection(ProjectConfigurationPlatforms) = postSolution
		{645D666E-3837-48F9-967B-F35858859D7C}.Debug|Any CPU.ActiveCfg = Debug|Any CPU
		{645D666E-3837-48F9-967B-F35858859D7C}.Debug|Any CPU.Build.0 = Debug|Any CPU
		{645D666E-3837-48F9-967B-F35858859D7C}.Release|Any CPU.ActiveCfg = Release|Any CPU
		{645D666E-3837-48F9-967B-F35858859D7C}.Release|Any CPU.Build.0 = Release|Any CPU
	EndGlobalSection
	GlobalSection(SolutionProperties) = preSolution
		HideSolutionNode = FALSE
	EndGlobalSection
	GlobalSection(ExtensibilityGlobals) = postSolution
		SolutionGuid = {6AB33122-6988-4B4C-A4DB-787D796C6EBC}
	EndGlobalSection
EndGlobal
